// !$*UTF8*$!
{
	archiveVersion = 1;
	classes = {
	};
	objectVersion = 50;
	objects = {

/* Begin PBXBuildFile section */
		539B1BFA229E6AC00078E5A2 /* AppDelegate.swift in Sources */ = {isa = PBXBuildFile; fileRef = 539B1BF9229E6AC00078E5A2 /* AppDelegate.swift */; };
		539B1BFC229E6AC00078E5A2 /* ViewController.swift in Sources */ = {isa = PBXBuildFile; fileRef = 539B1BFB229E6AC00078E5A2 /* ViewController.swift */; };
		539B1BFF229E6AC00078E5A2 /* Main.storyboard in Resources */ = {isa = PBXBuildFile; fileRef = 539B1BFD229E6AC00078E5A2 /* Main.storyboard */; };
		539B1C01229E6AC10078E5A2 /* Assets.xcassets in Resources */ = {isa = PBXBuildFile; fileRef = 539B1C00229E6AC10078E5A2 /* Assets.xcassets */; };
		539B1C04229E6AC10078E5A2 /* LaunchScreen.storyboard in Resources */ = {isa = PBXBuildFile; fileRef = 539B1C02229E6AC10078E5A2 /* LaunchScreen.storyboard */; };
		539B1C0C229E7F820078E5A2 /* PopupViewController.swift in Sources */ = {isa = PBXBuildFile; fileRef = 539B1C0B229E7F820078E5A2 /* PopupViewController.swift */; };
		539B1C0E229E96310078E5A2 /* MainViewController.swift in Sources */ = {isa = PBXBuildFile; fileRef = 539B1C0D229E96310078E5A2 /* MainViewController.swift */; };
/* End PBXBuildFile section */

/* Begin PBXFileReference section */
		539B1BF6229E6AC00078E5A2 /* projectx.app */ = {isa = PBXFileReference; explicitFileType = wrapper.application; includeInIndex = 0; path = projectx.app; sourceTree = BUILT_PRODUCTS_DIR; };
		539B1BF9229E6AC00078E5A2 /* AppDelegate.swift */ = {isa = PBXFileReference; lastKnownFileType = sourcecode.swift; path = AppDelegate.swift; sourceTree = "<group>"; };
		539B1BFB229E6AC00078E5A2 /* ViewController.swift */ = {isa = PBXFileReference; lastKnownFileType = sourcecode.swift; path = ViewController.swift; sourceTree = "<group>"; };
		539B1BFE229E6AC00078E5A2 /* Base */ = {isa = PBXFileReference; lastKnownFileType = file.storyboard; name = Base; path = Base.lproj/Main.storyboard; sourceTree = "<group>"; };
		539B1C00229E6AC10078E5A2 /* Assets.xcassets */ = {isa = PBXFileReference; lastKnownFileType = folder.assetcatalog; path = Assets.xcassets; sourceTree = "<group>"; };
		539B1C03229E6AC10078E5A2 /* Base */ = {isa = PBXFileReference; lastKnownFileType = file.storyboard; name = Base; path = Base.lproj/LaunchScreen.storyboard; sourceTree = "<group>"; };
		539B1C05229E6AC10078E5A2 /* Info.plist */ = {isa = PBXFileReference; lastKnownFileType = text.plist.xml; path = Info.plist; sourceTree = "<group>"; };
		539B1C0B229E7F820078E5A2 /* PopupViewController.swift */ = {isa = PBXFileReference; lastKnownFileType = sourcecode.swift; path = PopupViewController.swift; sourceTree = "<group>"; };
		539B1C0D229E96310078E5A2 /* MainViewController.swift */ = {isa = PBXFileReference; lastKnownFileType = sourcecode.swift; path = MainViewController.swift; sourceTree = "<group>"; };
/* End PBXFileReference section */

/* Begin PBXFrameworksBuildPhase section */
		539B1BF3229E6AC00078E5A2 /* Frameworks */ = {
			isa = PBXFrameworksBuildPhase;
			buildActionMask = 2147483647;
			files = (
			);
			runOnlyForDeploymentPostprocessing = 0;
		};
/* End PBXFrameworksBuildPhase section */

/* Begin PBXGroup section */
		539B1BED229E6AC00078E5A2 = {
			isa = PBXGroup;
			children = (
				539B1BF8229E6AC00078E5A2 /* projectx */,
				539B1BF7229E6AC00078E5A2 /* Products */,
			);
			sourceTree = "<group>";
		};
		539B1BF7229E6AC00078E5A2 /* Products */ = {
			isa = PBXGroup;
			children = (
				539B1BF6229E6AC00078E5A2 /* projectx.app */,
			);
			name = Products;
			sourceTree = "<group>";
		};
		539B1BF8229E6AC00078E5A2 /* projectx */ = {
			isa = PBXGroup;
			children = (
				539B1BF9229E6AC00078E5A2 /* AppDelegate.swift */,
				539B1BFB229E6AC00078E5A2 /* ViewController.swift */,
				539B1BFD229E6AC00078E5A2 /* Main.storyboard */,
				539B1C00229E6AC10078E5A2 /* Assets.xcassets */,
				539B1C02229E6AC10078E5A2 /* LaunchScreen.storyboard */,
				539B1C05229E6AC10078E5A2 /* Info.plist */,
				539B1C0B229E7F820078E5A2 /* PopupViewController.swift */,
				539B1C0D229E96310078E5A2 /* MainViewController.swift */,
			);
			path = projectx;
			sourceTree = "<group>";
		};
/* End PBXGroup section */

/* Begin PBXNativeTarget section */
		539B1BF5229E6AC00078E5A2 /* projectx */ = {
			isa = PBXNativeTarget;
			buildConfigurationList = 539B1C08229E6AC10078E5A2 /* Build configuration list for PBXNativeTarget "projectx" */;
			buildPhases = (
				539B1BF2229E6AC00078E5A2 /* Sources */,
				539B1BF3229E6AC00078E5A2 /* Frameworks */,
				539B1BF4229E6AC00078E5A2 /* Resources */,
			);
			buildRules = (
			);
			dependencies = (
			);
			name = projectx;
			productName = projectx;
			productReference = 539B1BF6229E6AC00078E5A2 /* projectx.app */;
			productType = "com.apple.product-type.application";
		};
/* End PBXNativeTarget section */

/* Begin PBXProject section */
		539B1BEE229E6AC00078E5A2 /* Project object */ = {
			isa = PBXProject;
			attributes = {
				LastSwiftUpdateCheck = 1020;
				LastUpgradeCheck = 1020;
				ORGANIZATIONNAME = "Artem Polosukhin";
				TargetAttributes = {
					539B1BF5229E6AC00078E5A2 = {
						CreatedOnToolsVersion = 10.2.1;
					};
				};
			};
			buildConfigurationList = 539B1BF1229E6AC00078E5A2 /* Build configuration list for PBXProject "projectx" */;
			compatibilityVersion = "Xcode 9.3";
			developmentRegion = en;
			hasScannedForEncodings = 0;
			knownRegions = (
				en,
				Base,
			);
			mainGroup = 539B1BED229E6AC00078E5A2;
			productRefGroup = 539B1BF7229E6AC00078E5A2 /* Products */;
			projectDirPath = "";
			projectRoot = "";
			targets = (
				539B1BF5229E6AC00078E5A2 /* projectx */,
			);
		};
/* End PBXProject section */

/* Begin PBXResourcesBuildPhase section */
		539B1BF4229E6AC00078E5A2 /* Resources */ = {
			isa = PBXResourcesBuildPhase;
			buildActionMask = 2147483647;
			files = (
				539B1C04229E6AC10078E5A2 /* LaunchScreen.storyboard in Resources */,
				539B1C01229E6AC10078E5A2 /* Assets.xcassets in Resources */,
				539B1BFF229E6AC00078E5A2 /* Main.storyboard in Resources */,
			);
			runOnlyForDeploymentPostprocessing = 0;
		};
/* End PBXResourcesBuildPhase section */

/* Begin PBXSourcesBuildPhase section */
		539B1BF2229E6AC00078E5A2 /* Sources */ = {
			isa = PBXSourcesBuildPhase;
			buildActionMask = 2147483647;
			files = (
				539B1BFC229E6AC00078E5A2 /* ViewController.swift in Sources */,
				539B1BFA229E6AC00078E5A2 /* AppDelegate.swift in Sources */,
				539B1C0C229E7F820078E5A2 /* PopupViewController.swift in Sources */,
				539B1C0E229E96310078E5A2 /* MainViewController.swift in Sources */,
			);
			runOnlyForDeploymentPostprocessing = 0;
		};
/* End PBXSourcesBuildPhase section */

/* Begin PBXVariantGroup section */
		539B1BFD229E6AC00078E5A2 /* Main.storyboard */ = {
			isa = PBXVariantGroup;
			children = (
				539B1BFE229E6AC00078E5A2 /* Base */,
			);
			name = Main.storyboard;
			sourceTree = "<group>";
		};
		539B1C02229E6AC10078E5A2 /* LaunchScreen.storyboard */ = {
			isa = PBXVariantGroup;
			children = (
				539B1C03229E6AC10078E5A2 /* Base */,
			);
			name = LaunchScreen.storyboard;
			sourceTree = "<group>";
		};
/* End PBXVariantGroup section */

/* Begin XCBuildConfiguration section */
		539B1C06229E6AC10078E5A2 /* Debug */ = {
			isa = XCBuildConfiguration;
			buildSettings = {
				ALWAYS_SEARCH_USER_PATHS = NO;
				CLANG_ANALYZER_NONNULL = YES;
				CLANG_ANALYZER_NUMBER_OBJECT_CONVERSION = YES_AGGRESSIVE;
				CLANG_CXX_LANGUAGE_STANDARD = "gnu++14";
				CLANG_CXX_LIBRARY = "libc++";
				CLANG_ENABLE_MODULES = YES;
				CLANG_ENABLE_OBJC_ARC = YES;
				CLANG_ENABLE_OBJC_WEAK = YES;
				CLANG_WARN_BLOCK_CAPTURE_AUTORELEASING = YES;
				CLANG_WARN_BOOL_CONVERSION = YES;
				CLANG_WARN_COMMA = YES;
				CLANG_WARN_CONSTANT_CONVERSION = YES;
				CLANG_WARN_DEPRECATED_OBJC_IMPLEMENTATIONS = YES;
				CLANG_WARN_DIRECT_OBJC_ISA_USAGE = YES_ERROR;
				CLANG_WARN_DOCUMENTATION_COMMENTS = YES;
				CLANG_WARN_EMPTY_BODY = YES;
				CLANG_WARN_ENUM_CONVERSION = YES;
				CLANG_WARN_INFINITE_RECURSION = YES;
				CLANG_WARN_INT_CONVERSION = YES;
				CLANG_WARN_NON_LITERAL_NULL_CONVERSION = YES;
				CLANG_WARN_OBJC_IMPLICIT_RETAIN_SELF = YES;
				CLANG_WARN_OBJC_LITERAL_CONVERSION = YES;
				CLANG_WARN_OBJC_ROOT_CLASS = YES_ERROR;
				CLANG_WARN_RANGE_LOOP_ANALYSIS = YES;
				CLANG_WARN_STRICT_PROTOTYPES = YES;
				CLANG_WARN_SUSPICIOUS_MOVE = YES;
				CLANG_WARN_UNGUARDED_AVAILABILITY = YES_AGGRESSIVE;
				CLANG_WARN_UNREACHABLE_CODE = YES;
				CLANG_WARN__DUPLICATE_METHOD_MATCH = YES;
				CODE_SIGN_IDENTITY = "iPhone Developer";
				COPY_PHASE_STRIP = NO;
				DEBUG_INFORMATION_FORMAT = dwarf;
				ENABLE_STRICT_OBJC_MSGSEND = YES;
				ENABLE_TESTABILITY = YES;
				GCC_C_LANGUAGE_STANDARD = gnu11;
				GCC_DYNAMIC_NO_PIC = NO;
				GCC_NO_COMMON_BLOCKS = YES;
				GCC_OPTIMIZATION_LEVEL = 0;
				GCC_PREPROCESSOR_DEFINITIONS = (
					"DEBUG=1",
					"$(inherited)",
				);
				GCC_WARN_64_TO_32_BIT_CONVERSION = YES;
				GCC_WARN_ABOUT_RETURN_TYPE = YES_ERROR;
				GCC_WARN_UNDECLARED_SELECTOR = YES;
				GCC_WARN_UNINITIALIZED_AUTOS = YES_AGGRESSIVE;
				GCC_WARN_UNUSED_FUNCTION = YES;
				GCC_WARN_UNUSED_VARIABLE = YES;
				IPHONEOS_DEPLOYMENT_TARGET = 12.2;
				MTL_ENABLE_DEBUG_INFO = INCLUDE_SOURCE;
				MTL_FAST_MATH = YES;
				ONLY_ACTIVE_ARCH = YES;
				SDKROOT = iphoneos;
				SWIFT_ACTIVE_COMPILATION_CONDITIONS = DEBUG;
				SWIFT_OPTIMIZATION_LEVEL = "-Onone";
			};
			name = Debug;
		};
		539B1C07229E6AC10078E5A2 /* Release */ = {
			isa = XCBuildConfiguration;
			buildSettings = {
				ALWAYS_SEARCH_USER_PATHS = NO;
				CLANG_ANALYZER_NONNULL = YES;
				CLANG_ANALYZER_NUMBER_OBJECT_CONVERSION = YES_AGGRESSIVE;
				CLANG_CXX_LANGUAGE_STANDARD = "gnu++14";
				CLANG_CXX_LIBRARY = "libc++";
				CLANG_ENABLE_MODULES = YES;
				CLANG_ENABLE_OBJC_ARC = YES;
				CLANG_ENABLE_OBJC_WEAK = YES;
				CLANG_WARN_BLOCK_CAPTURE_AUTORELEASING = YES;
				CLANG_WARN_BOOL_CONVERSION = YES;
				CLANG_WARN_COMMA = YES;
				CLANG_WARN_CONSTANT_CONVERSION = YES;
				CLANG_WARN_DEPRECATED_OBJC_IMPLEMENTATIONS = YES;
				CLANG_WARN_DIRECT_OBJC_ISA_USAGE = YES_ERROR;
				CLANG_WARN_DOCUMENTATION_COMMENTS = YES;
				CLANG_WARN_EMPTY_BODY = YES;
				CLANG_WARN_ENUM_CONVERSION = YES;
				CLANG_WARN_INFINITE_RECURSION = YES;
				CLANG_WARN_INT_CONVERSION = YES;
				CLANG_WARN_NON_LITERAL_NULL_CONVERSION = YES;
				CLANG_WARN_OBJC_IMPLICIT_RETAIN_SELF = YES;
				CLANG_WARN_OBJC_LITERAL_CONVERSION = YES;
				CLANG_WARN_OBJC_ROOT_CLASS = YES_ERROR;
				CLANG_WARN_RANGE_LOOP_ANALYSIS = YES;
				CLANG_WARN_STRICT_PROTOTYPES = YES;
				CLANG_WARN_SUSPICIOUS_MOVE = YES;
				CLANG_WARN_UNGUARDED_AVAILABILITY = YES_AGGRESSIVE;
				CLANG_WARN_UNREACHABLE_CODE = YES;
				CLANG_WARN__DUPLICATE_METHOD_MATCH = YES;
				CODE_SIGN_IDENTITY = "iPhone Developer";
				COPY_PHASE_STRIP = NO;
				DEBUG_INFORMATION_FORMAT = "dwarf-with-dsym";
				ENABLE_NS_ASSERTIONS = NO;
				ENABLE_STRICT_OBJC_MSGSEND = YES;
				GCC_C_LANGUAGE_STANDARD = gnu11;
				GCC_NO_COMMON_BLOCKS = YES;
				GCC_WARN_64_TO_32_BIT_CONVERSION = YES;
				GCC_WARN_ABOUT_RETURN_TYPE = YES_ERROR;
				GCC_WARN_UNDECLARED_SELECTOR = YES;
				GCC_WARN_UNINITIALIZED_AUTOS = YES_AGGRESSIVE;
				GCC_WARN_UNUSED_FUNCTION = YES;
				GCC_WARN_UNUSED_VARIABLE = YES;
				IPHONEOS_DEPLOYMENT_TARGET = 12.2;
				MTL_ENABLE_DEBUG_INFO = NO;
				MTL_FAST_MATH = YES;
				SDKROOT = iphoneos;
				SWIFT_COMPILATION_MODE = wholemodule;
				SWIFT_OPTIMIZATION_LEVEL = "-O";
				VALIDATE_PRODUCT = YES;
			};
			name = Release;
		};
		539B1C09229E6AC10078E5A2 /* Debug */ = {
			isa = XCBuildConfiguration;
			buildSettings = {
				ASSETCATALOG_COMPILER_APPICON_NAME = AppIcon;
				CODE_SIGN_STYLE = Automatic;
				DEVELOPMENT_TEAM = 74W47Q8DSW;
				INFOPLIST_FILE = projectx/Info.plist;
				LD_RUNPATH_SEARCH_PATHS = (
					"$(inherited)",
					"@executable_path/Frameworks",
				);
				PRODUCT_BUNDLE_IDENTIFIER = artpoldev.projectx;
				PRODUCT_NAME = "$(TARGET_NAME)";
				SWIFT_VERSION = 5.0;
				TARGETED_DEVICE_FAMILY = "1,2";
			};
			name = Debug;
		};
		539B1C0A229E6AC10078E5A2 /* Release */ = {
			isa = XCBuildConfiguration;
			buildSettings = {
				ASSETCATALOG_COMPILER_APPICON_NAME = AppIcon;
				CODE_SIGN_STYLE = Automatic;
				DEVELOPMENT_TEAM = 74W47Q8DSW;
				INFOPLIST_FILE = projectx/Info.plist;
				LD_RUNPATH_SEARCH_PATHS = (
					"$(inherited)",
					"@executable_path/Frameworks",
				);
				PRODUCT_BUNDLE_IDENTIFIER = artpoldev.projectx;
				PRODUCT_NAME = "$(TARGET_NAME)";
				SWIFT_VERSION = 5.0;
				TARGETED_DEVICE_FAMILY = "1,2";
			};
			name = Release;
		};
/* End XCBuildConfiguration section */

/* Begin XCConfigurationList section */
		539B1BF1229E6AC00078E5A2 /* Build configuration list for PBXProject "projectx" */ = {
			isa = XCConfigurationList;
			buildConfigurations = (
				539B1C06229E6AC10078E5A2 /* Debug */,
				539B1C07229E6AC10078E5A2 /* Release */,
			);
			defaultConfigurationIsVisible = 0;
			defaultConfigurationName = Release;
		};
		539B1C08229E6AC10078E5A2 /* Build configuration list for PBXNativeTarget "projectx" */ = {
			isa = XCConfigurationList;
			buildConfigurations = (
				539B1C09229E6AC10078E5A2 /* Debug */,
				539B1C0A229E6AC10078E5A2 /* Release */,
			);
			defaultConfigurationIsVisible = 0;
			defaultConfigurationName = Release;
		};
/* End XCConfigurationList section */
	};
	rootObject = 539B1BEE229E6AC00078E5A2 /* Project object */;
}
